
Microsoft Visual Studio Solution File, Format Version 12.00
# Visual Studio Version 17
VisualStudioVersion = 17.4.33103.184
MinimumVisualStudioVersion = 10.0.40219.1
Project("{FAE04EC0-301F-11D3-BF4B-00C04F79EFBC}") = "DaemonAtribute", "DaemonAtribute.csproj", "{A56189CC-C1AE-4D84-BD22-4CE5976DC42B}"
EndProject
Project("{FAE04EC0-301F-11D3-BF4B-00C04F79EFBC}") = "Project3", "..\Project3\Project3.csproj", "{FA4D3288-5C5F-4F3B-90C4-DF3976F7264F}"
EndProject
Global
	GlobalSection(SolutionConfigurationPlatforms) = preSolution
		Debug|Any CPU = Debug|Any CPU
		Release|Any CPU = Release|Any CPU
	EndGlobalSection
	GlobalSection(ProjectConfigurationPlatforms) = postSolution
		{A56189CC-C1AE-4D84-BD22-4CE5976DC42B}.Debug|Any CPU.ActiveCfg = Debug|Any CPU
		{A56189CC-C1AE-4D84-BD22-4CE5976DC42B}.Debug|Any CPU.Build.0 = Debug|Any CPU
		{A56189CC-C1AE-4D84-BD22-4CE5976DC42B}.Release|Any CPU.ActiveCfg = Release|Any CPU
		{A56189CC-C1AE-4D84-BD22-4CE5976DC42B}.Release|Any CPU.Build.0 = Release|Any CPU
		{FA4D3288-5C5F-4F3B-90C4-DF3976F7264F}.Debug|Any CPU.ActiveCfg = Debug|Any CPU
		{FA4D3288-5C5F-4F3B-90C4-DF3976F7264F}.Debug|Any CPU.Build.0 = Debug|Any CPU
		{FA4D3288-5C5F-4F3B-90C4-DF3976F7264F}.Release|Any CPU.ActiveCfg = Release|Any CPU
		{FA4D3288-5C5F-4F3B-90C4-DF3976F7264F}.Release|Any CPU.Build.0 = Release|Any CPU
	EndGlobalSection
	GlobalSection(SolutionProperties) = preSolution
		HideSolutionNode = FALSE
	EndGlobalSection
	GlobalSection(ExtensibilityGlobals) = postSolution
		SolutionGuid = {EC5EDDA5-88D2-48AF-B655-F7B2A0B2026F}
	EndGlobalSection
EndGlobal
